packages:
- package: dbt-labs/codegen
  name: codegen
  version: 0.14.0
- package: godatadriven/dbt_date
  name: dbt_date
  version: 0.9.2
- package: tnightengale/dbt_meta_testing
  name: dbt_meta_testing
  version: 0.3.6
- package: dbt-labs/dbt_utils
  name: dbt_utils
  version: 1.1.1
sha1_hash: eae0f227b261746031abb73417d917d711fdec75
